// !$*UTF8*$!
{
	archiveVersion = 1;
	classes = {
	};
	objectVersion = 55;
	objects = {

/* Begin PBXBuildFile section */
		80C67B3D27EE247100EF3F95 /* App10_H4X0R_NewsApp.swift in Sources */ = {isa = PBXBuildFile; fileRef = 80C67B3C27EE247100EF3F95 /* App10_H4X0R_NewsApp.swift */; };
		80C67B3F27EE247100EF3F95 /* ContentView.swift in Sources */ = {isa = PBXBuildFile; fileRef = 80C67B3E27EE247100EF3F95 /* ContentView.swift */; };
		80C67B4127EE247200EF3F95 /* Assets.xcassets in Resources */ = {isa = PBXBuildFile; fileRef = 80C67B4027EE247200EF3F95 /* Assets.xcassets */; };
		80C67B4427EE247200EF3F95 /* Preview Assets.xcassets in Resources */ = {isa = PBXBuildFile; fileRef = 80C67B4327EE247200EF3F95 /* Preview Assets.xcassets */; };
		80C67B4E27EE268100EF3F95 /* NetworkManager.swift in Sources */ = {isa = PBXBuildFile; fileRef = 80C67B4D27EE268100EF3F95 /* NetworkManager.swift */; };
		80C67B5027EE275100EF3F95 /* PostData.swift in Sources */ = {isa = PBXBuildFile; fileRef = 80C67B4F27EE275100EF3F95 /* PostData.swift */; };
		80C67B5327EE29D500EF3F95 /* DetailView.swift in Sources */ = {isa = PBXBuildFile; fileRef = 80C67B5227EE29D500EF3F95 /* DetailView.swift */; };
		80C67B5527EE2BA600EF3F95 /* WebView.swift in Sources */ = {isa = PBXBuildFile; fileRef = 80C67B5427EE2BA600EF3F95 /* WebView.swift */; };
/* End PBXBuildFile section */

/* Begin PBXFileReference section */
		80C67B3927EE247100EF3F95 /* App10 H4X0R News.app */ = {isa = PBXFileReference; explicitFileType = wrapper.application; includeInIndex = 0; path = "App10 H4X0R News.app"; sourceTree = BUILT_PRODUCTS_DIR; };
		80C67B3C27EE247100EF3F95 /* App10_H4X0R_NewsApp.swift */ = {isa = PBXFileReference; lastKnownFileType = sourcecode.swift; path = App10_H4X0R_NewsApp.swift; sourceTree = "<group>"; };
		80C67B3E27EE247100EF3F95 /* ContentView.swift */ = {isa = PBXFileReference; lastKnownFileType = sourcecode.swift; path = ContentView.swift; sourceTree = "<group>"; };
		80C67B4027EE247200EF3F95 /* Assets.xcassets */ = {isa = PBXFileReference; lastKnownFileType = folder.assetcatalog; path = Assets.xcassets; sourceTree = "<group>"; };
		80C67B4327EE247200EF3F95 /* Preview Assets.xcassets */ = {isa = PBXFileReference; lastKnownFileType = folder.assetcatalog; path = "Preview Assets.xcassets"; sourceTree = "<group>"; };
		80C67B4D27EE268100EF3F95 /* NetworkManager.swift */ = {isa = PBXFileReference; lastKnownFileType = sourcecode.swift; path = NetworkManager.swift; sourceTree = "<group>"; };
		80C67B4F27EE275100EF3F95 /* PostData.swift */ = {isa = PBXFileReference; lastKnownFileType = sourcecode.swift; path = PostData.swift; sourceTree = "<group>"; };
		80C67B5227EE29D500EF3F95 /* DetailView.swift */ = {isa = PBXFileReference; lastKnownFileType = sourcecode.swift; path = DetailView.swift; sourceTree = "<group>"; };
		80C67B5427EE2BA600EF3F95 /* WebView.swift */ = {isa = PBXFileReference; lastKnownFileType = sourcecode.swift; path = WebView.swift; sourceTree = "<group>"; };
/* End PBXFileReference section */

/* Begin PBXFrameworksBuildPhase section */
		80C67B3627EE247100EF3F95 /* Frameworks */ = {
			isa = PBXFrameworksBuildPhase;
			buildActionMask = 2147483647;
			files = (
			);
			runOnlyForDeploymentPostprocessing = 0;
		};
/* End PBXFrameworksBuildPhase section */

/* Begin PBXGroup section */
		80C67B3027EE247100EF3F95 = {
			isa = PBXGroup;
			children = (
				80C67B3B27EE247100EF3F95 /* App10 H4X0R News */,
				80C67B3A27EE247100EF3F95 /* Products */,
			);
			sourceTree = "<group>";
		};
		80C67B3A27EE247100EF3F95 /* Products */ = {
			isa = PBXGroup;
			children = (
				80C67B3927EE247100EF3F95 /* App10 H4X0R News.app */,
			);
			name = Products;
			sourceTree = "<group>";
		};
		80C67B3B27EE247100EF3F95 /* App10 H4X0R News */ = {
			isa = PBXGroup;
			children = (
				80C67B4A27EE266300EF3F95 /* Models */,
				80C67B5127EE29C600EF3F95 /* Views */,
				80C67B3C27EE247100EF3F95 /* App10_H4X0R_NewsApp.swift */,
				80C67B4027EE247200EF3F95 /* Assets.xcassets */,
				80C67B4227EE247200EF3F95 /* Preview Content */,
			);
			path = "App10 H4X0R News";
			sourceTree = "<group>";
		};
		80C67B4227EE247200EF3F95 /* Preview Content */ = {
			isa = PBXGroup;
			children = (
				80C67B4327EE247200EF3F95 /* Preview Assets.xcassets */,
			);
			path = "Preview Content";
			sourceTree = "<group>";
		};
		80C67B4A27EE266300EF3F95 /* Models */ = {
			isa = PBXGroup;
			children = (
				80C67B4D27EE268100EF3F95 /* NetworkManager.swift */,
				80C67B4F27EE275100EF3F95 /* PostData.swift */,
			);
			path = Models;
			sourceTree = "<group>";
		};
		80C67B5127EE29C600EF3F95 /* Views */ = {
			isa = PBXGroup;
			children = (
				80C67B3E27EE247100EF3F95 /* ContentView.swift */,
				80C67B5227EE29D500EF3F95 /* DetailView.swift */,
				80C67B5427EE2BA600EF3F95 /* WebView.swift */,
			);
			path = Views;
			sourceTree = "<group>";
		};
/* End PBXGroup section */

/* Begin PBXNativeTarget section */
		80C67B3827EE247100EF3F95 /* App10 H4X0R News */ = {
			isa = PBXNativeTarget;
			buildConfigurationList = 80C67B4727EE247200EF3F95 /* Build configuration list for PBXNativeTarget "App10 H4X0R News" */;
			buildPhases = (
				80C67B3527EE247100EF3F95 /* Sources */,
				80C67B3627EE247100EF3F95 /* Frameworks */,
				80C67B3727EE247100EF3F95 /* Resources */,
			);
			buildRules = (
			);
			dependencies = (
			);
			name = "App10 H4X0R News";
			productName = "App10 H4X0R News";
			productReference = 80C67B3927EE247100EF3F95 /* App10 H4X0R News.app */;
			productType = "com.apple.product-type.application";
		};
/* End PBXNativeTarget section */

/* Begin PBXProject section */
		80C67B3127EE247100EF3F95 /* Project object */ = {
			isa = PBXProject;
			attributes = {
				BuildIndependentTargetsInParallel = 1;
				LastSwiftUpdateCheck = 1330;
				LastUpgradeCheck = 1330;
				TargetAttributes = {
					80C67B3827EE247100EF3F95 = {
						CreatedOnToolsVersion = 13.3;
					};
				};
			};
			buildConfigurationList = 80C67B3427EE247100EF3F95 /* Build configuration list for PBXProject "App10 H4X0R News" */;
			compatibilityVersion = "Xcode 13.0";
			developmentRegion = en;
			hasScannedForEncodings = 0;
			knownRegions = (
				en,
				Base,
			);
			mainGroup = 80C67B3027EE247100EF3F95;
			productRefGroup = 80C67B3A27EE247100EF3F95 /* Products */;
			projectDirPath = "";
			projectRoot = "";
			targets = (
				80C67B3827EE247100EF3F95 /* App10 H4X0R News */,
			);
		};
/* End PBXProject section */

/* Begin PBXResourcesBuildPhase section */
		80C67B3727EE247100EF3F95 /* Resources */ = {
			isa = PBXResourcesBuildPhase;
			buildActionMask = 2147483647;
			files = (
				80C67B4427EE247200EF3F95 /* Preview Assets.xcassets in Resources */,
				80C67B4127EE247200EF3F95 /* Assets.xcassets in Resources */,
			);
			runOnlyForDeploymentPostprocessing = 0;
		};
/* End PBXResourcesBuildPhase section */

/* Begin PBXSourcesBuildPhase section */
		80C67B3527EE247100EF3F95 /* Sources */ = {
			isa = PBXSourcesBuildPhase;
			buildActionMask = 2147483647;
			files = (
				80C67B4E27EE268100EF3F95 /* NetworkManager.swift in Sources */,
				80C67B5027EE275100EF3F95 /* PostData.swift in Sources */,
				80C67B3F27EE247100EF3F95 /* ContentView.swift in Sources */,
				80C67B5527EE2BA600EF3F95 /* WebView.swift in Sources */,
				80C67B5327EE29D500EF3F95 /* DetailView.swift in Sources */,
				80C67B3D27EE247100EF3F95 /* App10_H4X0R_NewsApp.swift in Sources */,
			);
			runOnlyForDeploymentPostprocessing = 0;
		};
/* End PBXSourcesBuildPhase section */

/* Begin XCBuildConfiguration section */
		80C67B4527EE247200EF3F95 /* Debug */ = {
			isa = XCBuildConfiguration;
			buildSettings = {
				ALWAYS_SEARCH_USER_PATHS = NO;
				CLANG_ANALYZER_NONNULL = YES;
				CLANG_ANALYZER_NUMBER_OBJECT_CONVERSION = YES_AGGRESSIVE;
				CLANG_CXX_LANGUAGE_STANDARD = "gnu++17";
				CLANG_ENABLE_MODULES = YES;
				CLANG_ENABLE_OBJC_ARC = YES;
				CLANG_ENABLE_OBJC_WEAK = YES;
				CLANG_WARN_BLOCK_CAPTURE_AUTORELEASING = YES;
				CLANG_WARN_BOOL_CONVERSION = YES;
				CLANG_WARN_COMMA = YES;
				CLANG_WARN_CONSTANT_CONVERSION = YES;
				CLANG_WARN_DEPRECATED_OBJC_IMPLEMENTATIONS = YES;
				CLANG_WARN_DIRECT_OBJC_ISA_USAGE = YES_ERROR;
				CLANG_WARN_DOCUMENTATION_COMMENTS = YES;
				CLANG_WARN_EMPTY_BODY = YES;
				CLANG_WARN_ENUM_CONVERSION = YES;
				CLANG_WARN_INFINITE_RECURSION = YES;
				CLANG_WARN_INT_CONVERSION = YES;
				CLANG_WARN_NON_LITERAL_NULL_CONVERSION = YES;
				CLANG_WARN_OBJC_IMPLICIT_RETAIN_SELF = YES;
				CLANG_WARN_OBJC_LITERAL_CONVERSION = YES;
				CLANG_WARN_OBJC_ROOT_CLASS = YES_ERROR;
				CLANG_WARN_QUOTED_INCLUDE_IN_FRAMEWORK_HEADER = YES;
				CLANG_WARN_RANGE_LOOP_ANALYSIS = YES;
				CLANG_WARN_STRICT_PROTOTYPES = YES;
				CLANG_WARN_SUSPICIOUS_MOVE = YES;
				CLANG_WARN_UNGUARDED_AVAILABILITY = YES_AGGRESSIVE;
				CLANG_WARN_UNREACHABLE_CODE = YES;
				CLANG_WARN__DUPLICATE_METHOD_MATCH = YES;
				COPY_PHASE_STRIP = NO;
				DEBUG_INFORMATION_FORMAT = dwarf;
				ENABLE_STRICT_OBJC_MSGSEND = YES;
				ENABLE_TESTABILITY = YES;
				GCC_C_LANGUAGE_STANDARD = gnu11;
				GCC_DYNAMIC_NO_PIC = NO;
				GCC_NO_COMMON_BLOCKS = YES;
				GCC_OPTIMIZATION_LEVEL = 0;
				GCC_PREPROCESSOR_DEFINITIONS = (
					"DEBUG=1",
					"$(inherited)",
				);
				GCC_WARN_64_TO_32_BIT_CONVERSION = YES;
				GCC_WARN_ABOUT_RETURN_TYPE = YES_ERROR;
				GCC_WARN_UNDECLARED_SELECTOR = YES;
				GCC_WARN_UNINITIALIZED_AUTOS = YES_AGGRESSIVE;
				GCC_WARN_UNUSED_FUNCTION = YES;
				GCC_WARN_UNUSED_VARIABLE = YES;
				IPHONEOS_DEPLOYMENT_TARGET = 15.4;
				MTL_ENABLE_DEBUG_INFO = INCLUDE_SOURCE;
				MTL_FAST_MATH = YES;
				ONLY_ACTIVE_ARCH = YES;
				SDKROOT = iphoneos;
				SWIFT_ACTIVE_COMPILATION_CONDITIONS = DEBUG;
				SWIFT_OPTIMIZATION_LEVEL = "-Onone";
			};
			name = Debug;
		};
		80C67B4627EE247200EF3F95 /* Release */ = {
			isa = XCBuildConfiguration;
			buildSettings = {
				ALWAYS_SEARCH_USER_PATHS = NO;
				CLANG_ANALYZER_NONNULL = YES;
				CLANG_ANALYZER_NUMBER_OBJECT_CONVERSION = YES_AGGRESSIVE;
				CLANG_CXX_LANGUAGE_STANDARD = "gnu++17";
				CLANG_ENABLE_MODULES = YES;
				CLANG_ENABLE_OBJC_ARC = YES;
				CLANG_ENABLE_OBJC_WEAK = YES;
				CLANG_WARN_BLOCK_CAPTURE_AUTORELEASING = YES;
				CLANG_WARN_BOOL_CONVERSION = YES;
				CLANG_WARN_COMMA = YES;
				CLANG_WARN_CONSTANT_CONVERSION = YES;
				CLANG_WARN_DEPRECATED_OBJC_IMPLEMENTATIONS = YES;
				CLANG_WARN_DIRECT_OBJC_ISA_USAGE = YES_ERROR;
				CLANG_WARN_DOCUMENTATION_COMMENTS = YES;
				CLANG_WARN_EMPTY_BODY = YES;
				CLANG_WARN_ENUM_CONVERSION = YES;
				CLANG_WARN_INFINITE_RECURSION = YES;
				CLANG_WARN_INT_CONVERSION = YES;
				CLANG_WARN_NON_LITERAL_NULL_CONVERSION = YES;
				CLANG_WARN_OBJC_IMPLICIT_RETAIN_SELF = YES;
				CLANG_WARN_OBJC_LITERAL_CONVERSION = YES;
				CLANG_WARN_OBJC_ROOT_CLASS = YES_ERROR;
				CLANG_WARN_QUOTED_INCLUDE_IN_FRAMEWORK_HEADER = YES;
				CLANG_WARN_RANGE_LOOP_ANALYSIS = YES;
				CLANG_WARN_STRICT_PROTOTYPES = YES;
				CLANG_WARN_SUSPICIOUS_MOVE = YES;
				CLANG_WARN_UNGUARDED_AVAILABILITY = YES_AGGRESSIVE;
				CLANG_WARN_UNREACHABLE_CODE = YES;
				CLANG_WARN__DUPLICATE_METHOD_MATCH = YES;
				COPY_PHASE_STRIP = NO;
				DEBUG_INFORMATION_FORMAT = "dwarf-with-dsym";
				ENABLE_NS_ASSERTIONS = NO;
				ENABLE_STRICT_OBJC_MSGSEND = YES;
				GCC_C_LANGUAGE_STANDARD = gnu11;
				GCC_NO_COMMON_BLOCKS = YES;
				GCC_WARN_64_TO_32_BIT_CONVERSION = YES;
				GCC_WARN_ABOUT_RETURN_TYPE = YES_ERROR;
				GCC_WARN_UNDECLARED_SELECTOR = YES;
				GCC_WARN_UNINITIALIZED_AUTOS = YES_AGGRESSIVE;
				GCC_WARN_UNUSED_FUNCTION = YES;
				GCC_WARN_UNUSED_VARIABLE = YES;
				IPHONEOS_DEPLOYMENT_TARGET = 15.4;
				MTL_ENABLE_DEBUG_INFO = NO;
				MTL_FAST_MATH = YES;
				SDKROOT = iphoneos;
				SWIFT_COMPILATION_MODE = wholemodule;
				SWIFT_OPTIMIZATION_LEVEL = "-O";
				VALIDATE_PRODUCT = YES;
			};
			name = Release;
		};
		80C67B4827EE247200EF3F95 /* Debug */ = {
			isa = XCBuildConfiguration;
			buildSettings = {
				ASSETCATALOG_COMPILER_APPICON_NAME = AppIcon;
				ASSETCATALOG_COMPILER_GLOBAL_ACCENT_COLOR_NAME = AccentColor;
				CODE_SIGN_STYLE = Automatic;
				CURRENT_PROJECT_VERSION = 1;
				DEVELOPMENT_ASSET_PATHS = "\"App10 H4X0R News/Preview Content\"";
				DEVELOPMENT_TEAM = G7RMH6ANFV;
				ENABLE_PREVIEWS = YES;
				GENERATE_INFOPLIST_FILE = YES;
				INFOPLIST_KEY_UIApplicationSceneManifest_Generation = YES;
				INFOPLIST_KEY_UIApplicationSupportsIndirectInputEvents = YES;
				INFOPLIST_KEY_UILaunchScreen_Generation = YES;
				INFOPLIST_KEY_UISupportedInterfaceOrientations_iPad = "UIInterfaceOrientationPortrait UIInterfaceOrientationPortraitUpsideDown UIInterfaceOrientationLandscapeLeft UIInterfaceOrientationLandscapeRight";
				INFOPLIST_KEY_UISupportedInterfaceOrientations_iPhone = "UIInterfaceOrientationPortrait UIInterfaceOrientationLandscapeLeft UIInterfaceOrientationLandscapeRight";
				LD_RUNPATH_SEARCH_PATHS = (
					"$(inherited)",
					"@executable_path/Frameworks",
				);
				MARKETING_VERSION = 1.0;
				PRODUCT_BUNDLE_IDENTIFIER = "eugenpuzynin.App10-H4X0R-News";
				PRODUCT_NAME = "$(TARGET_NAME)";
				SWIFT_EMIT_LOC_STRINGS = YES;
				SWIFT_VERSION = 5.0;
				TARGETED_DEVICE_FAMILY = "1,2";
			};
			name = Debug;
		};
		80C67B4927EE247200EF3F95 /* Release */ = {
			isa = XCBuildConfiguration;
			buildSettings = {
				ASSETCATALOG_COMPILER_APPICON_NAME = AppIcon;
				ASSETCATALOG_COMPILER_GLOBAL_ACCENT_COLOR_NAME = AccentColor;
				CODE_SIGN_STYLE = Automatic;
				CURRENT_PROJECT_VERSION = 1;
				DEVELOPMENT_ASSET_PATHS = "\"App10 H4X0R News/Preview Content\"";
				DEVELOPMENT_TEAM = G7RMH6ANFV;
				ENABLE_PREVIEWS = YES;
				GENERATE_INFOPLIST_FILE = YES;
				INFOPLIST_KEY_UIApplicationSceneManifest_Generation = YES;
				INFOPLIST_KEY_UIApplicationSupportsIndirectInputEvents = YES;
				INFOPLIST_KEY_UILaunchScreen_Generation = YES;
				INFOPLIST_KEY_UISupportedInterfaceOrientations_iPad = "UIInterfaceOrientationPortrait UIInterfaceOrientationPortraitUpsideDown UIInterfaceOrientationLandscapeLeft UIInterfaceOrientationLandscapeRight";
				INFOPLIST_KEY_UISupportedInterfaceOrientations_iPhone = "UIInterfaceOrientationPortrait UIInterfaceOrientationLandscapeLeft UIInterfaceOrientationLandscapeRight";
				LD_RUNPATH_SEARCH_PATHS = (
					"$(inherited)",
					"@executable_path/Frameworks",
				);
				MARKETING_VERSION = 1.0;
				PRODUCT_BUNDLE_IDENTIFIER = "eugenpuzynin.App10-H4X0R-News";
				PRODUCT_NAME = "$(TARGET_NAME)";
				SWIFT_EMIT_LOC_STRINGS = YES;
				SWIFT_VERSION = 5.0;
				TARGETED_DEVICE_FAMILY = "1,2";
			};
			name = Release;
		};
/* End XCBuildConfiguration section */

/* Begin XCConfigurationList section */
		80C67B3427EE247100EF3F95 /* Build configuration list for PBXProject "App10 H4X0R News" */ = {
			isa = XCConfigurationList;
			buildConfigurations = (
				80C67B4527EE247200EF3F95 /* Debug */,
				80C67B4627EE247200EF3F95 /* Release */,
			);
			defaultConfigurationIsVisible = 0;
			defaultConfigurationName = Release;
		};
		80C67B4727EE247200EF3F95 /* Build configuration list for PBXNativeTarget "App10 H4X0R News" */ = {
			isa = XCConfigurationList;
			buildConfigurations = (
				80C67B4827EE247200EF3F95 /* Debug */,
				80C67B4927EE247200EF3F95 /* Release */,
			);
			defaultConfigurationIsVisible = 0;
			defaultConfigurationName = Release;
		};
/* End XCConfigurationList section */
	};
	rootObject = 80C67B3127EE247100EF3F95 /* Project object */;
}
